
Microsoft Visual Studio Solution File, Format Version 12.00
# Visual Studio 2012
Project("{8BC9CEB8-8B4A-11D0-8D11-00A0C91BC942}") = "Projekt_1", "Projekt_1\Projekt_1.vcxproj", "{FA316E9F-BF35-4A42-9411-711A5A319F98}"
EndProject
Project("{F088123C-0E9E-452A-89E6-6BA2F21D5CAC}") = "ModelingProject1", "ModelingProject1\ModelingProject1.modelproj", "{5CB05D7F-F65B-4E45-97EC-861826D6F235}"
EndProject
Global
	GlobalSection(SolutionConfigurationPlatforms) = preSolution
		Debug|Any CPU = Debug|Any CPU
		Debug|Mixed Platforms = Debug|Mixed Platforms
		Debug|Win32 = Debug|Win32
		Release|Any CPU = Release|Any CPU
		Release|Mixed Platforms = Release|Mixed Platforms
		Release|Win32 = Release|Win32
	EndGlobalSection
	GlobalSection(ProjectConfigurationPlatforms) = postSolution
		{FA316E9F-BF35-4A42-9411-711A5A319F98}.Debug|Any CPU.ActiveCfg = Debug|Win32
		{FA316E9F-BF35-4A42-9411-711A5A319F98}.Debug|Mixed Platforms.ActiveCfg = Debug|Win32
		{FA316E9F-BF35-4A42-9411-711A5A319F98}.Debug|Mixed Platforms.Build.0 = Debug|Win32
		{FA316E9F-BF35-4A42-9411-711A5A319F98}.Debug|Win32.ActiveCfg = Debug|Win32
		{FA316E9F-BF35-4A42-9411-711A5A319F98}.Debug|Win32.Build.0 = Debug|Win32
		{FA316E9F-BF35-4A42-9411-711A5A319F98}.Release|Any CPU.ActiveCfg = Release|Win32
		{FA316E9F-BF35-4A42-9411-711A5A319F98}.Release|Mixed Platforms.ActiveCfg = Release|Win32
		{FA316E9F-BF35-4A42-9411-711A5A319F98}.Release|Mixed Platforms.Build.0 = Release|Win32
		{FA316E9F-BF35-4A42-9411-711A5A319F98}.Release|Win32.ActiveCfg = Release|Win32
		{FA316E9F-BF35-4A42-9411-711A5A319F98}.Release|Win32.Build.0 = Release|Win32
		{5CB05D7F-F65B-4E45-97EC-861826D6F235}.Debug|Any CPU.ActiveCfg = Debug|Any CPU
		{5CB05D7F-F65B-4E45-97EC-861826D6F235}.Debug|Any CPU.Build.0 = Debug|Any CPU
		{5CB05D7F-F65B-4E45-97EC-861826D6F235}.Debug|Mixed Platforms.ActiveCfg = Debug|Any CPU
		{5CB05D7F-F65B-4E45-97EC-861826D6F235}.Debug|Mixed Platforms.Build.0 = Debug|Any CPU
		{5CB05D7F-F65B-4E45-97EC-861826D6F235}.Debug|Win32.ActiveCfg = Debug|Any CPU
		{5CB05D7F-F65B-4E45-97EC-861826D6F235}.Release|Any CPU.ActiveCfg = Release|Any CPU
		{5CB05D7F-F65B-4E45-97EC-861826D6F235}.Release|Any CPU.Build.0 = Release|Any CPU
		{5CB05D7F-F65B-4E45-97EC-861826D6F235}.Release|Mixed Platforms.ActiveCfg = Release|Any CPU
		{5CB05D7F-F65B-4E45-97EC-861826D6F235}.Release|Mixed Platforms.Build.0 = Release|Any CPU
		{5CB05D7F-F65B-4E45-97EC-861826D6F235}.Release|Win32.ActiveCfg = Release|Any CPU
	EndGlobalSection
	GlobalSection(SolutionProperties) = preSolution
		HideSolutionNode = FALSE
	EndGlobalSection
	GlobalSection(Performance) = preSolution
		HasPerformanceSessions = true
	EndGlobalSection
EndGlobal
